
Microsoft Visual Studio Solution File, Format Version 12.00
# Visual Studio Version 16
VisualStudioVersion = 16.0.30413.136
MinimumVisualStudioVersion = 10.0.40219.1
Project("{FAE04EC0-301F-11D3-BF4B-00C04F79EFBC}") = "Image Processin g", "Image Processin g.csproj", "{90CBF21C-DFC8-48EF-8A4D-932A071505CA}"
EndProject
Global
	GlobalSection(SolutionConfigurationPlatforms) = preSolution
		Debug|Any CPU = Debug|Any CPU
		Release|Any CPU = Release|Any CPU
	EndGlobalSection
	GlobalSection(ProjectConfigurationPlatforms) = postSolution
		{90CBF21C-DFC8-48EF-8A4D-932A071505CA}.Debug|Any CPU.ActiveCfg = Debug|Any CPU
		{90CBF21C-DFC8-48EF-8A4D-932A071505CA}.Debug|Any CPU.Build.0 = Debug|Any CPU
		{90CBF21C-DFC8-48EF-8A4D-932A071505CA}.Release|Any CPU.ActiveCfg = Release|Any CPU
		{90CBF21C-DFC8-48EF-8A4D-932A071505CA}.Release|Any CPU.Build.0 = Release|Any CPU
	EndGlobalSection
	GlobalSection(SolutionProperties) = preSolution
		HideSolutionNode = FALSE
	EndGlobalSection
	GlobalSection(ExtensibilityGlobals) = postSolution
		SolutionGuid = {D544A99E-7665-4FB4-909C-338A24D99DC7}
	EndGlobalSection
EndGlobal
